{
  "lockfileVersion": 1,
  "configVersion": 1,
  "workspaces": {
    "": {
      "name": "recon-agent",
      "dependencies": {
        "@ai-sdk/openai": "^4.0.50",
        "ai": "^7.0.83",
        "decimal.js": "^10.6.0",
        "fastest-levenshtein": "^1.0.16",
        "fflate": "^0.8.3",
        "hono": "^4.13.5",
        "p-limit": "^7.3.1",
        "papaparse": "^5.7.0",
        "zod": "^4.4.3",
      },
      "devDependencies": {
        "@types/bun": "latest",
        "@types/papaparse": "^5.5.2",
      },
      "peerDependencies": {
        "typescript": "^5",
      },
    },
  },
  "packages": {
    "@ai-sdk/gateway": ["@ai-sdk/gateway@4.0.67", "", { "dependencies": { "@ai-sdk/provider": "4.0.8", "@ai-sdk/provider-utils": "5.0.32", "@vercel/oidc": "3.2.0" }, "peerDependencies": { "zod": "^3.25.76 || ^4.1.8" } }, "sha512-LtyxLkg7dZ2iz8Ouh1806BJbA+q+FKc/mXUCl4v/wdNNIGtbfk80dNtlhqjhqOZa4dnfc3caVafRL7ocxzoegA=="],

    "@ai-sdk/openai": ["@ai-sdk/openai@4.0.50", "", { "dependencies": { "@ai-sdk/provider": "4.0.8", "@ai-sdk/provider-utils": "5.0.32" }, "peerDependencies": { "zod": "^3.25.76 || ^4.1.8" } }, "sha512-e2Jepw5RbSwsCsPwyiNzdlmOHoCQefCziNp3k1UxfIv8QD0/p4SF6+cx7GuWX98jAVNiWLjRv1W3NVSmx3FuEQ=="],

    "@ai-sdk/provider": ["@ai-sdk/provider@4.0.8", "", { "dependencies": { "json-schema": "^0.4.0" } }, "sha512-aWO7iwhFUGf347tCwNGggggfmZigaSu7TF739IZSrWWABUp7zkb4Cr3fMqvBe5EIS7ABJJu3Cadn0g/zs1G0QQ=="],

    "@ai-sdk/provider-utils": ["@ai-sdk/provider-utils@5.0.32", "", { "dependencies": { "@ai-sdk/provider": "4.0.8", "@standard-schema/spec": "^1.1.0", "@workflow/serde": "4.1.0", "eventsource-parser": "^3.0.8", "undici": "^7.28.0" }, "peerDependencies": { "zod": "^3.25.76 || ^4.1.8" } }, "sha512-MZUhlINn6FzKIWuX3T36h+yM9d7bG+yatH+kC99ZCe0DHxXfP73KwaoLiLcZDPQDamFyO3umPPBLJieZJyG4DQ=="],

    "@standard-schema/spec": ["@standard-schema/spec@1.1.0", "", {}, "sha512-l2aFy5jALhniG5HgqrD6jXLi/rUWrKvqN/qJx6yoJsgKhblVd+iqqU4RCXavm/jPityDo5TCvKMnpjKnOriy0w=="],

    "@types/bun": ["@types/bun@1.4.0", "", { "dependencies": { "bun-types": "1.4.0" } }, "sha512-K+lZULY23vRgK/CfTjFIV+tyifaNdSMlPh9j+6mQ/cLfpOznLyAuzgV/JQysyECpkBQLVMSyvjlr2fBUSA9wFQ=="],

    "@types/node": ["@types/node@26.4.0", "", { "dependencies": { "undici-types": "~8.3.0" } }, "sha512-faiGnoIrLH/V8cibOMEAZ8pMw6oXqSukl29ra4mN8GdaB2ZewzeaLj+INpV5N+Z1eKWzY+IzaIZH2EIR6YZRNQ=="],

    "@types/papaparse": ["@types/papaparse@5.5.2", "", { "dependencies": { "@types/node": "*" } }, "sha512-gFnFp/JMzLHCwRf7tQHrNnfhN4eYBVYYI897CGX4MY1tzY9l2aLkVyx2IlKZ/SAqDbB3I1AOZW5gTMGGsqWliA=="],

    "@vercel/oidc": ["@vercel/oidc@3.2.0", "", {}, "sha512-UycprH3T6n3jH0k44NHMa7pnFHGu/N05MjojYr+Mc6I7obkoLIJujSWwin1pCvdy/eOxrI/l3uDLQsmcrOb4ug=="],

    "@workflow/serde": ["@workflow/serde@4.1.0", "", {}, "sha512-pav4F2BoirECWR7Nf1TKt+2eETcBj7jj4cBefQ8VXQCA6NPkaKeLfj/zMgi+3zYV5ZIBT4GuUiphsj0/b9hPQQ=="],

    "ai": ["ai@7.0.83", "", { "dependencies": { "@ai-sdk/gateway": "4.0.67", "@ai-sdk/provider": "4.0.8", "@ai-sdk/provider-utils": "5.0.32" }, "peerDependencies": { "zod": "^3.25.76 || ^4.1.8" } }, "sha512-bg7+SopUwqA7DeQ2O8I9qELyQTHCeeI/0RuNUlT/gGz+LqWrIl5vbYRQv3eMBEnUsVFaM33n6SA8Vqe9gi8L1w=="],

    "bun-types": ["bun-types@1.4.0", "", { "dependencies": { "@types/node": "*" } }, "sha512-iIKw23BspnQQYd3prITOBxeUsxBHnwzX6YJfGMuNOZzeNcMmVqzIIVGRm1l69ogaPQmb4wB6BN8mA5bE9YuC5Q=="],

    "decimal.js": ["decimal.js@10.6.0", "", {}, "sha512-YpgQiITW3JXGntzdUmyUR1V812Hn8T1YVXhCu+wO3OpS4eU9l4YdD3qjyiKdV6mvV29zapkMeD390UVEf2lkUg=="],

    "eventsource-parser": ["eventsource-parser@3.1.1", "", {}, "sha512-EKN1vKAMcZ8MlYMpaNuxN6R9yakzH6uajHcHVTqWJzvu5pWw9DyhbP35HH8MVBQ+dZjAfDxk+A8NiR9KWaXiyQ=="],

    "fastest-levenshtein": ["fastest-levenshtein@1.0.16", "", {}, "sha512-eRnCtTTtGZFpQCwhJiUOuxPQWRXVKYDn0b2PeHfXL6/Zi53SLAzAHfVhVWK2AryC/WH05kGfxhFIPvTF0SXQzg=="],

    "fflate": ["fflate@0.8.3", "", {}, "sha512-tbZNuJrLwGUp3zshBtdy4W+ORxZuIh8a5ilyIEQDC5rY1f3U20JMry0Ll3WBzU58EZKsEuJFXhb5gwv8CsPvgA=="],

    "hono": ["hono@4.13.5", "", {}, "sha512-O6+/eCYRkzzzy0rPWwKLiGBR1nFuUPZynnwjxN1MBA62NNqbT0wQEzQyK2gSO5yDIDB336sXQleAhOHrzlYyKw=="],

    "json-schema": ["json-schema@0.4.0", "", {}, "sha512-es94M3nTIfsEPisRafak+HDLfHXnKBhV3vU5eqPcS3flIWqcxJWgXHXiey3YrpaNsanY5ei1VoYEbOzijuq9BA=="],

    "p-limit": ["p-limit@7.3.1", "", { "dependencies": { "yocto-queue": "^1.2.1" } }, "sha512-0trZaiG7Y7kN/Egy9a8j47t9osC0Tch4PaIWd9yGF6bvmlk7muExRvGNYb8sXBwEKMoNKsbNN9P8EefuQekE4Q=="],

    "papaparse": ["papaparse@5.7.0", "", {}, "sha512-qBGxg/7Q3Kl9Wfhrz2Z74UnvnHTXLNG6jmKJFeBvP2+y4lV7So+7SR62+Zd47JvdrCkX+nDcnr0ObPzek/+6RA=="],

    "typescript": ["typescript@5.9.3", "", { "bin": { "tsc": "bin/tsc", "tsserver": "bin/tsserver" } }, "sha512-jl1vZzPDinLr9eUt3J/t7V6FgNEw9QjvBPdysz9KfQDD41fQrC2Y4vKQdiaUpFT4bXlb1RHhLpp8wtm6M5TgSw=="],

    "undici": ["undici@7.29.0", "", {}, "sha512-IDxfleLmmbSskfWSUATiN1nfn2rDuvnMOqb5CWR92iIfojA0Ud+ulOAAEQ57LPr9rWmsreUyf5lwyao+7GNNVw=="],

    "undici-types": ["undici-types@8.3.0", "", {}, "sha512-j375ScV60dom+YkPFIfTLcOiPxkN/buHz5GobjLhixFuANaNs3C9l4GmrWqejgXWJ7BbJcFYpTEUkS1Ge8bpZQ=="],

    "yocto-queue": ["yocto-queue@1.2.2", "", {}, "sha512-4LCcse/U2MHZ63HAJVE+v71o7yOdIe4cZ70Wpf8D/IyjDKYQLV5GD46B+hSTjJsvV5PztjvHoU580EftxjDZFQ=="],

    "zod": ["zod@4.4.3", "", {}, "sha512-ytENFjIJFl2UwYglde2jchW2Hwm4GJFLDiSXWdTrJQBIN9Fcyp7n4DhxJEiWNAJMV1/BqWfW/kkg71UDcHJyTQ=="],
  }
}
